
Microsoft Visual Studio Solution File, Format Version 12.00
# Visual Studio 15
VisualStudioVersion = 15.0.28307.960
MinimumVisualStudioVersion = 10.0.40219.1
Project("{FAE04EC0-301F-11D3-BF4B-00C04F79EFBC}") = "HorribleSubsTorrents", "HorribleSubsTorrents\HorribleSubsTorrents.csproj", "{113164C1-2149-49B7-BB1D-81CBF719B32E}"
EndProject
Global
	GlobalSection(SolutionConfigurationPlatforms) = preSolution
		Debug|Any CPU = Debug|Any CPU
		Release|Any CPU = Release|Any CPU
	EndGlobalSection
	GlobalSection(ProjectConfigurationPlatforms) = postSolution
		{113164C1-2149-49B7-BB1D-81CBF719B32E}.Debug|Any CPU.ActiveCfg = Debug|Any CPU
		{113164C1-2149-49B7-BB1D-81CBF719B32E}.Debug|Any CPU.Build.0 = Debug|Any CPU
		{113164C1-2149-49B7-BB1D-81CBF719B32E}.Release|Any CPU.ActiveCfg = Release|Any CPU
		{113164C1-2149-49B7-BB1D-81CBF719B32E}.Release|Any CPU.Build.0 = Release|Any CPU
	EndGlobalSection
	GlobalSection(SolutionProperties) = preSolution
		HideSolutionNode = FALSE
	EndGlobalSection
	GlobalSection(ExtensibilityGlobals) = postSolution
		SolutionGuid = {80FDC37C-EEC6-4339-8E1C-6D4FB3F61E9A}
	EndGlobalSection
EndGlobal
